
Microsoft Visual Studio Solution File, Format Version 12.00
# Visual Studio Version 16
VisualStudioVersion = 16.0.30309.148
MinimumVisualStudioVersion = 10.0.40219.1
Project("{FAE04EC0-301F-11D3-BF4B-00C04F79EFBC}") = "ITMO.ASP.SetOffTask.School", "ITMO.ASP.SetOffTask.School\ITMO.ASP.SetOffTask.School.csproj", "{36909BB3-A35F-427F-9037-BC1712EA44D0}"
EndProject
Project("{FAE04EC0-301F-11D3-BF4B-00C04F79EFBC}") = "DBModel", "DBModel\DBModel.csproj", "{35F74CE7-F91F-4E41-9787-04ACFC49D9BB}"
EndProject
Global
	GlobalSection(SolutionConfigurationPlatforms) = preSolution
		Debug|Any CPU = Debug|Any CPU
		Release|Any CPU = Release|Any CPU
	EndGlobalSection
	GlobalSection(ProjectConfigurationPlatforms) = postSolution
		{36909BB3-A35F-427F-9037-BC1712EA44D0}.Debug|Any CPU.ActiveCfg = Debug|Any CPU
		{36909BB3-A35F-427F-9037-BC1712EA44D0}.Debug|Any CPU.Build.0 = Debug|Any CPU
		{36909BB3-A35F-427F-9037-BC1712EA44D0}.Release|Any CPU.ActiveCfg = Release|Any CPU
		{36909BB3-A35F-427F-9037-BC1712EA44D0}.Release|Any CPU.Build.0 = Release|Any CPU
		{35F74CE7-F91F-4E41-9787-04ACFC49D9BB}.Debug|Any CPU.ActiveCfg = Debug|Any CPU
		{35F74CE7-F91F-4E41-9787-04ACFC49D9BB}.Debug|Any CPU.Build.0 = Debug|Any CPU
		{35F74CE7-F91F-4E41-9787-04ACFC49D9BB}.Release|Any CPU.ActiveCfg = Release|Any CPU
		{35F74CE7-F91F-4E41-9787-04ACFC49D9BB}.Release|Any CPU.Build.0 = Release|Any CPU
	EndGlobalSection
	GlobalSection(SolutionProperties) = preSolution
		HideSolutionNode = FALSE
	EndGlobalSection
	GlobalSection(ExtensibilityGlobals) = postSolution
		SolutionGuid = {76EBFC14-97BD-4946-82CB-EF13BD7FAEBA}
	EndGlobalSection
EndGlobal
