
Microsoft Visual Studio Solution File, Format Version 12.00
# Visual Studio Version 16
VisualStudioVersion = 16.0.30309.148
MinimumVisualStudioVersion = 10.0.40219.1
Project("{FAE04EC0-301F-11D3-BF4B-00C04F79EFBC}") = "LINQsqlSproc", "LINQsqlSproc\LINQsqlSproc.csproj", "{376D681C-4D60-4CDF-8648-E599D97EA841}"
EndProject
Global
	GlobalSection(SolutionConfigurationPlatforms) = preSolution
		Debug|Any CPU = Debug|Any CPU
		Release|Any CPU = Release|Any CPU
	EndGlobalSection
	GlobalSection(ProjectConfigurationPlatforms) = postSolution
		{376D681C-4D60-4CDF-8648-E599D97EA841}.Debug|Any CPU.ActiveCfg = Debug|Any CPU
		{376D681C-4D60-4CDF-8648-E599D97EA841}.Debug|Any CPU.Build.0 = Debug|Any CPU
		{376D681C-4D60-4CDF-8648-E599D97EA841}.Release|Any CPU.ActiveCfg = Release|Any CPU
		{376D681C-4D60-4CDF-8648-E599D97EA841}.Release|Any CPU.Build.0 = Release|Any CPU
	EndGlobalSection
	GlobalSection(SolutionProperties) = preSolution
		HideSolutionNode = FALSE
	EndGlobalSection
	GlobalSection(ExtensibilityGlobals) = postSolution
		SolutionGuid = {E74D200D-D270-4E23-A35F-BC61C9CCDD1C}
	EndGlobalSection
EndGlobal
