
Microsoft Visual Studio Solution File, Format Version 12.00
# Visual Studio Version 16
VisualStudioVersion = 16.0.30011.22
MinimumVisualStudioVersion = 10.0.40219.1
Project("{FAE04EC0-301F-11D3-BF4B-00C04F79EFBC}") = "WorkingDataTable", "WorkingDataTable\WorkingDataTable.csproj", "{D234AF47-FD83-4A9D-A055-857D1A710ECB}"
EndProject
Global
	GlobalSection(SolutionConfigurationPlatforms) = preSolution
		Debug|Any CPU = Debug|Any CPU
		Release|Any CPU = Release|Any CPU
	EndGlobalSection
	GlobalSection(ProjectConfigurationPlatforms) = postSolution
		{D234AF47-FD83-4A9D-A055-857D1A710ECB}.Debug|Any CPU.ActiveCfg = Debug|Any CPU
		{D234AF47-FD83-4A9D-A055-857D1A710ECB}.Debug|Any CPU.Build.0 = Debug|Any CPU
		{D234AF47-FD83-4A9D-A055-857D1A710ECB}.Release|Any CPU.ActiveCfg = Release|Any CPU
		{D234AF47-FD83-4A9D-A055-857D1A710ECB}.Release|Any CPU.Build.0 = Release|Any CPU
	EndGlobalSection
	GlobalSection(SolutionProperties) = preSolution
		HideSolutionNode = FALSE
	EndGlobalSection
	GlobalSection(ExtensibilityGlobals) = postSolution
		SolutionGuid = {6EB13EFF-62A4-449D-B2F8-1DBD64E8FDF5}
	EndGlobalSection
EndGlobal
