
Microsoft Visual Studio Solution File, Format Version 12.00
# Visual Studio Version 16
VisualStudioVersion = 16.0.30309.148
MinimumVisualStudioVersion = 10.0.40219.1
Project("{FAE04EC0-301F-11D3-BF4B-00C04F79EFBC}") = "CustomerManager", "CustomerManager\CustomerManager.csproj", "{E8C7374D-F586-4CF1-8B68-1B9BE01CE65E}"
EndProject
Project("{FAE04EC0-301F-11D3-BF4B-00C04F79EFBC}") = "CodeFirst", "CodeFirst\CodeFirst.csproj", "{78C193E8-A336-4CF4-BA4B-722CE2303307}"
EndProject
Global
	GlobalSection(SolutionConfigurationPlatforms) = preSolution
		Debug|Any CPU = Debug|Any CPU
		Release|Any CPU = Release|Any CPU
	EndGlobalSection
	GlobalSection(ProjectConfigurationPlatforms) = postSolution
		{E8C7374D-F586-4CF1-8B68-1B9BE01CE65E}.Debug|Any CPU.ActiveCfg = Debug|Any CPU
		{E8C7374D-F586-4CF1-8B68-1B9BE01CE65E}.Debug|Any CPU.Build.0 = Debug|Any CPU
		{E8C7374D-F586-4CF1-8B68-1B9BE01CE65E}.Release|Any CPU.ActiveCfg = Release|Any CPU
		{E8C7374D-F586-4CF1-8B68-1B9BE01CE65E}.Release|Any CPU.Build.0 = Release|Any CPU
		{78C193E8-A336-4CF4-BA4B-722CE2303307}.Debug|Any CPU.ActiveCfg = Debug|Any CPU
		{78C193E8-A336-4CF4-BA4B-722CE2303307}.Debug|Any CPU.Build.0 = Debug|Any CPU
		{78C193E8-A336-4CF4-BA4B-722CE2303307}.Release|Any CPU.ActiveCfg = Release|Any CPU
		{78C193E8-A336-4CF4-BA4B-722CE2303307}.Release|Any CPU.Build.0 = Release|Any CPU
	EndGlobalSection
	GlobalSection(SolutionProperties) = preSolution
		HideSolutionNode = FALSE
	EndGlobalSection
	GlobalSection(ExtensibilityGlobals) = postSolution
		SolutionGuid = {190803AF-BE9C-4EA7-BFB6-2E77055818CF}
	EndGlobalSection
EndGlobal
