
Microsoft Visual Studio Solution File, Format Version 12.00
# Visual Studio Version 16
VisualStudioVersion = 16.0.30011.22
MinimumVisualStudioVersion = 10.0.40219.1
Project("{FAE04EC0-301F-11D3-BF4B-00C04F79EFBC}") = "WinContainer", "WinContainer\WinContainer.csproj", "{9CA9C3EB-618D-48E3-87EF-708BF3D8FC98}"
EndProject
Global
	GlobalSection(SolutionConfigurationPlatforms) = preSolution
		Debug|Any CPU = Debug|Any CPU
		Release|Any CPU = Release|Any CPU
	EndGlobalSection
	GlobalSection(ProjectConfigurationPlatforms) = postSolution
		{9CA9C3EB-618D-48E3-87EF-708BF3D8FC98}.Debug|Any CPU.ActiveCfg = Debug|Any CPU
		{9CA9C3EB-618D-48E3-87EF-708BF3D8FC98}.Debug|Any CPU.Build.0 = Debug|Any CPU
		{9CA9C3EB-618D-48E3-87EF-708BF3D8FC98}.Release|Any CPU.ActiveCfg = Release|Any CPU
		{9CA9C3EB-618D-48E3-87EF-708BF3D8FC98}.Release|Any CPU.Build.0 = Release|Any CPU
	EndGlobalSection
	GlobalSection(SolutionProperties) = preSolution
		HideSolutionNode = FALSE
	EndGlobalSection
	GlobalSection(ExtensibilityGlobals) = postSolution
		SolutionGuid = {720939A9-C989-4BE1-9FAE-086446E4856C}
	EndGlobalSection
EndGlobal
