
Microsoft Visual Studio Solution File, Format Version 12.00
# Visual Studio Version 16
VisualStudioVersion = 16.0.30309.148
MinimumVisualStudioVersion = 10.0.40219.1
Project("{FAE04EC0-301F-11D3-BF4B-00C04F79EFBC}") = "LINQsql_m", "LINQsql_m\LINQsql_m.csproj", "{621EBBED-7B6D-4924-8D03-A2150DBF5760}"
EndProject
Global
	GlobalSection(SolutionConfigurationPlatforms) = preSolution
		Debug|Any CPU = Debug|Any CPU
		Release|Any CPU = Release|Any CPU
	EndGlobalSection
	GlobalSection(ProjectConfigurationPlatforms) = postSolution
		{621EBBED-7B6D-4924-8D03-A2150DBF5760}.Debug|Any CPU.ActiveCfg = Debug|Any CPU
		{621EBBED-7B6D-4924-8D03-A2150DBF5760}.Debug|Any CPU.Build.0 = Debug|Any CPU
		{621EBBED-7B6D-4924-8D03-A2150DBF5760}.Release|Any CPU.ActiveCfg = Release|Any CPU
		{621EBBED-7B6D-4924-8D03-A2150DBF5760}.Release|Any CPU.Build.0 = Release|Any CPU
	EndGlobalSection
	GlobalSection(SolutionProperties) = preSolution
		HideSolutionNode = FALSE
	EndGlobalSection
	GlobalSection(ExtensibilityGlobals) = postSolution
		SolutionGuid = {DB0DA30D-BBF2-4E1D-95F8-D89549EC057B}
	EndGlobalSection
EndGlobal
