
Microsoft Visual Studio Solution File, Format Version 12.00
# Visual Studio Version 16
VisualStudioVersion = 16.0.30503.244
MinimumVisualStudioVersion = 10.0.40219.1
Project("{FAE04EC0-301F-11D3-BF4B-00C04F79EFBC}") = "WebMVCR1", "WebMVCR1\WebMVCR1.csproj", "{35EC03ED-15E9-436A-9848-C1081391937F}"
EndProject
Global
	GlobalSection(SolutionConfigurationPlatforms) = preSolution
		Debug|Any CPU = Debug|Any CPU
		Release|Any CPU = Release|Any CPU
	EndGlobalSection
	GlobalSection(ProjectConfigurationPlatforms) = postSolution
		{35EC03ED-15E9-436A-9848-C1081391937F}.Debug|Any CPU.ActiveCfg = Debug|Any CPU
		{35EC03ED-15E9-436A-9848-C1081391937F}.Debug|Any CPU.Build.0 = Debug|Any CPU
		{35EC03ED-15E9-436A-9848-C1081391937F}.Release|Any CPU.ActiveCfg = Release|Any CPU
		{35EC03ED-15E9-436A-9848-C1081391937F}.Release|Any CPU.Build.0 = Release|Any CPU
	EndGlobalSection
	GlobalSection(SolutionProperties) = preSolution
		HideSolutionNode = FALSE
	EndGlobalSection
	GlobalSection(ExtensibilityGlobals) = postSolution
		SolutionGuid = {F204B673-AB54-442E-BB77-587E6E13D1E5}
	EndGlobalSection
EndGlobal
