
Microsoft Visual Studio Solution File, Format Version 12.00
# Visual Studio Version 16
VisualStudioVersion = 16.0.30011.22
MinimumVisualStudioVersion = 10.0.40219.1
Project("{FAE04EC0-301F-11D3-BF4B-00C04F79EFBC}") = "BiblWorm", "BiblWorm\BiblWorm.csproj", "{7EFB7F99-2AC2-461D-B7C5-1F829448F28C}"
EndProject
Global
	GlobalSection(SolutionConfigurationPlatforms) = preSolution
		Debug|Any CPU = Debug|Any CPU
		Release|Any CPU = Release|Any CPU
	EndGlobalSection
	GlobalSection(ProjectConfigurationPlatforms) = postSolution
		{7EFB7F99-2AC2-461D-B7C5-1F829448F28C}.Debug|Any CPU.ActiveCfg = Debug|Any CPU
		{7EFB7F99-2AC2-461D-B7C5-1F829448F28C}.Debug|Any CPU.Build.0 = Debug|Any CPU
		{7EFB7F99-2AC2-461D-B7C5-1F829448F28C}.Release|Any CPU.ActiveCfg = Release|Any CPU
		{7EFB7F99-2AC2-461D-B7C5-1F829448F28C}.Release|Any CPU.Build.0 = Release|Any CPU
	EndGlobalSection
	GlobalSection(SolutionProperties) = preSolution
		HideSolutionNode = FALSE
	EndGlobalSection
	GlobalSection(ExtensibilityGlobals) = postSolution
		SolutionGuid = {E095E1DC-7121-4D77-85C8-E33A894D747A}
	EndGlobalSection
EndGlobal
