
Microsoft Visual Studio Solution File, Format Version 12.00
# Visual Studio Version 16
VisualStudioVersion = 16.0.30011.22
MinimumVisualStudioVersion = 10.0.40219.1
Project("{FAE04EC0-301F-11D3-BF4B-00C04F79EFBC}") = "WinGrafSinLine", "WindowsFormsApp1\WinGrafSinLine.csproj", "{9B79B3FF-C3AD-4D63-8A6B-77081B926CDA}"
EndProject
Global
	GlobalSection(SolutionConfigurationPlatforms) = preSolution
		Debug|Any CPU = Debug|Any CPU
		Release|Any CPU = Release|Any CPU
	EndGlobalSection
	GlobalSection(ProjectConfigurationPlatforms) = postSolution
		{9B79B3FF-C3AD-4D63-8A6B-77081B926CDA}.Debug|Any CPU.ActiveCfg = Debug|Any CPU
		{9B79B3FF-C3AD-4D63-8A6B-77081B926CDA}.Debug|Any CPU.Build.0 = Debug|Any CPU
		{9B79B3FF-C3AD-4D63-8A6B-77081B926CDA}.Release|Any CPU.ActiveCfg = Release|Any CPU
		{9B79B3FF-C3AD-4D63-8A6B-77081B926CDA}.Release|Any CPU.Build.0 = Release|Any CPU
	EndGlobalSection
	GlobalSection(SolutionProperties) = preSolution
		HideSolutionNode = FALSE
	EndGlobalSection
	GlobalSection(ExtensibilityGlobals) = postSolution
		SolutionGuid = {42F8C7E6-9D0D-4AC7-AFB4-1442BB50D0D6}
	EndGlobalSection
EndGlobal
