
Microsoft Visual Studio Solution File, Format Version 12.00
# Visual Studio Version 16
VisualStudioVersion = 16.0.30309.148
MinimumVisualStudioVersion = 10.0.40219.1
Project("{FAE04EC0-301F-11D3-BF4B-00C04F79EFBC}") = "LINQsql_1", "LINQsql_1\LINQsql_1.csproj", "{BFA27D3C-5BC7-4A67-B409-1A43D7B4BD22}"
EndProject
Global
	GlobalSection(SolutionConfigurationPlatforms) = preSolution
		Debug|Any CPU = Debug|Any CPU
		Release|Any CPU = Release|Any CPU
	EndGlobalSection
	GlobalSection(ProjectConfigurationPlatforms) = postSolution
		{BFA27D3C-5BC7-4A67-B409-1A43D7B4BD22}.Debug|Any CPU.ActiveCfg = Debug|Any CPU
		{BFA27D3C-5BC7-4A67-B409-1A43D7B4BD22}.Debug|Any CPU.Build.0 = Debug|Any CPU
		{BFA27D3C-5BC7-4A67-B409-1A43D7B4BD22}.Release|Any CPU.ActiveCfg = Release|Any CPU
		{BFA27D3C-5BC7-4A67-B409-1A43D7B4BD22}.Release|Any CPU.Build.0 = Release|Any CPU
	EndGlobalSection
	GlobalSection(SolutionProperties) = preSolution
		HideSolutionNode = FALSE
	EndGlobalSection
	GlobalSection(ExtensibilityGlobals) = postSolution
		SolutionGuid = {A4CE0190-2934-45A8-86BF-2FFC1FB512BD}
	EndGlobalSection
EndGlobal
