
Microsoft Visual Studio Solution File, Format Version 12.00
# Visual Studio Version 16
VisualStudioVersion = 16.0.30011.22
MinimumVisualStudioVersion = 10.0.40219.1
Project("{FAE04EC0-301F-11D3-BF4B-00C04F79EFBC}") = "RegistrationForm", "RegistrationForm\RegistrationForm.csproj", "{C0790213-55BC-4CF0-B1FE-C0038A697FF5}"
EndProject
Global
	GlobalSection(SolutionConfigurationPlatforms) = preSolution
		Debug|Any CPU = Debug|Any CPU
		Release|Any CPU = Release|Any CPU
	EndGlobalSection
	GlobalSection(ProjectConfigurationPlatforms) = postSolution
		{C0790213-55BC-4CF0-B1FE-C0038A697FF5}.Debug|Any CPU.ActiveCfg = Debug|Any CPU
		{C0790213-55BC-4CF0-B1FE-C0038A697FF5}.Debug|Any CPU.Build.0 = Debug|Any CPU
		{C0790213-55BC-4CF0-B1FE-C0038A697FF5}.Release|Any CPU.ActiveCfg = Release|Any CPU
		{C0790213-55BC-4CF0-B1FE-C0038A697FF5}.Release|Any CPU.Build.0 = Release|Any CPU
	EndGlobalSection
	GlobalSection(SolutionProperties) = preSolution
		HideSolutionNode = FALSE
	EndGlobalSection
	GlobalSection(ExtensibilityGlobals) = postSolution
		SolutionGuid = {DE6EDE62-6498-490F-B90C-856D79FF8EB5}
	EndGlobalSection
EndGlobal
