
Microsoft Visual Studio Solution File, Format Version 12.00
# Visual Studio Version 16
VisualStudioVersion = 16.0.30011.22
MinimumVisualStudioVersion = 10.0.40219.1
Project("{FAE04EC0-301F-11D3-BF4B-00C04F79EFBC}") = "WindowsFormsThree", "WindowsFormsThree\WindowsFormsThree.csproj", "{7C206595-A2DB-45D4-84C2-9B9F17ADF16C}"
EndProject
Global
	GlobalSection(SolutionConfigurationPlatforms) = preSolution
		Debug|Any CPU = Debug|Any CPU
		Release|Any CPU = Release|Any CPU
	EndGlobalSection
	GlobalSection(ProjectConfigurationPlatforms) = postSolution
		{7C206595-A2DB-45D4-84C2-9B9F17ADF16C}.Debug|Any CPU.ActiveCfg = Debug|Any CPU
		{7C206595-A2DB-45D4-84C2-9B9F17ADF16C}.Debug|Any CPU.Build.0 = Debug|Any CPU
		{7C206595-A2DB-45D4-84C2-9B9F17ADF16C}.Release|Any CPU.ActiveCfg = Release|Any CPU
		{7C206595-A2DB-45D4-84C2-9B9F17ADF16C}.Release|Any CPU.Build.0 = Release|Any CPU
	EndGlobalSection
	GlobalSection(SolutionProperties) = preSolution
		HideSolutionNode = FALSE
	EndGlobalSection
	GlobalSection(ExtensibilityGlobals) = postSolution
		SolutionGuid = {2FA40240-7D93-422C-9B74-759BA648D2A1}
	EndGlobalSection
EndGlobal
