
Microsoft Visual Studio Solution File, Format Version 12.00
# Visual Studio Version 16
VisualStudioVersion = 16.0.30011.22
MinimumVisualStudioVersion = 10.0.40219.1
Project("{FAE04EC0-301F-11D3-BF4B-00C04F79EFBC}") = "Ex1.1_WindowsForms", "ITMO.WindowsForms\WindowsForms\Ex1.1_WindowsForms.csproj", "{01A42B66-FD8B-4953-8E07-F7131CCB3125}"
EndProject
Project("{FAE04EC0-301F-11D3-BF4B-00C04F79EFBC}") = "Ex1.2_WindowsFormsApp1", "ITMO.WindowsForms\WindowsFormsApp1\Ex1.2_WindowsFormsApp1.csproj", "{5246E055-FF8E-4BBD-89F6-5E0426930438}"
EndProject
Project("{FAE04EC0-301F-11D3-BF4B-00C04F79EFBC}") = "Ex1.3_WindowsFormsThree", "ITMO.WindowsFormsThree\WindowsFormsThree\Ex1.3_WindowsFormsThree.csproj", "{7C206595-A2DB-45D4-84C2-9B9F17ADF16C}"
EndProject
Project("{FAE04EC0-301F-11D3-BF4B-00C04F79EFBC}") = "Ex1.4_Ex2.3_Ex2.4_MDIApplication", "ITMO.124_4.FORMS_LAB4\MDIApplication\Ex1.4_Ex2.3_Ex2.4_MDIApplication.csproj", "{6E3CE44A-69F1-4FAD-9413-AB942FDD4E05}"
EndProject
Project("{FAE04EC0-301F-11D3-BF4B-00C04F79EFBC}") = "Ex1.5.1_Forms_Lab.5", "ITMO.124_4.FORMS_LAB5\Forms_Lab.5\Ex1.5.1_Forms_Lab.5.csproj", "{14A89380-D356-49AE-8467-58C5E312D7FC}"
EndProject
Project("{FAE04EC0-301F-11D3-BF4B-00C04F79EFBC}") = "Ex1.5.2_FORMS_LAB5.2", "ITMO.124_4.FORMS_LAB5.2\FORMS_LAB5.2\Ex1.5.2_FORMS_LAB5.2.csproj", "{1255D03F-6CD0-4CBC-934C-E55EA29D699D}"
EndProject
Project("{FAE04EC0-301F-11D3-BF4B-00C04F79EFBC}") = "Ex2.1_WinQuestions", "ITMO.124_4.FORMS.Control_LAB1\Controls.LAB1\Ex2.1_WinQuestions.csproj", "{EAB7DAAC-412F-4C3E-B0C9-494F83DC650C}"
EndProject
Project("{FAE04EC0-301F-11D3-BF4B-00C04F79EFBC}") = "Ex2.2_Controls_LAB2", "ITMO.124_4.FORMS.Control_LAB2\Controls_LAB2\Ex2.2_Controls_LAB2.csproj", "{19D10FDB-7FAB-4F9B-B2F4-D52121DA9F8D}"
EndProject
Project("{FAE04EC0-301F-11D3-BF4B-00C04F79EFBC}") = "Ex2.5_WinContainer", "ITMO.124_4.FORMS.Control_LAB5\WinContainer\Ex2.5_WinContainer.csproj", "{9CA9C3EB-618D-48E3-87EF-708BF3D8FC98}"
EndProject
Project("{FAE04EC0-301F-11D3-BF4B-00C04F79EFBC}") = "Ex2.6_BiblWorm", "ITMO.124_4.FORMS.Control_LAB6\BiblWorm\Ex2.6_BiblWorm.csproj", "{7EFB7F99-2AC2-461D-B7C5-1F829448F28C}"
EndProject
Project("{FAE04EC0-301F-11D3-BF4B-00C04F79EFBC}") = "Ex2.7_Ex2.8_RegistrationForm", "ITMO.124_4.FORMS.Control_LAB7\RegistrationForm\Ex2.7_Ex2.8_RegistrationForm.csproj", "{C0790213-55BC-4CF0-B1FE-C0038A697FF5}"
EndProject
Project("{FAE04EC0-301F-11D3-BF4B-00C04F79EFBC}") = "Ex3.1_WinTimer1", "ITMO.124_4.FORMS.UserControl_LAB1\WinTimer1\Ex3.1_WinTimer1.csproj", "{4C3B91DC-2A12-4465-B6C8-455FB6857317}"
EndProject
Project("{FAE04EC0-301F-11D3-BF4B-00C04F79EFBC}") = "Ex3.2_WinTimer2", "ITMO.124_4.FORMS.UserControl_LAB2\WinTimer2\Ex3.2_WinTimer2.csproj", "{B175DBB8-FEEF-4576-B8AE-4B300902CF9D}"
EndProject
Project("{FAE04EC0-301F-11D3-BF4B-00C04F79EFBC}") = "Ex3.3.WinButNum", "WinButNum\WinButNum\Ex3.3.WinButNum.csproj", "{8E210446-19DC-42D0-8643-EA7F2D182005}"
EndProject
Project("{FAE04EC0-301F-11D3-BF4B-00C04F79EFBC}") = "Ex.4.1_Ex4.2_Ex4.3.TestStandartDialog", "ITMO.1244.Forms.Dialog.Ex1\TestStandartDialog\Ex.4.1_Ex4.2_Ex4.3.TestStandartDialog.csproj", "{6D55DAFF-EE7B-4A82-872E-E09B07273D02}"
EndProject
Project("{FAE04EC0-301F-11D3-BF4B-00C04F79EFBC}") = "Ex.4.4.EditPerson", "ITMO.1244.Forms.Dialog.Ex2\EditPerson\Ex.4.4.EditPerson.csproj", "{379AFE25-43F7-4B56-9CE9-9196E33CDEBC}"
EndProject
Project("{FAE04EC0-301F-11D3-BF4B-00C04F79EFBC}") = "Ex.4.5.Dialog", "ITMO.1244.Forms.Dialog.Ex4\Dialog.Ex4\Ex.4.5.Dialog.csproj", "{9913B04B-7C34-4554-9FD6-AFDA8F4C1649}"
EndProject
Project("{FAE04EC0-301F-11D3-BF4B-00C04F79EFBC}") = "Ex6.1.WinGrafSinLine", "ITMO.1244.Forms.Graphics.Ex1\WindowsFormsApp1\Ex6.1.WinGrafSinLine.csproj", "{9B79B3FF-C3AD-4D63-8A6B-77081B926CDA}"
EndProject
Project("{FAE04EC0-301F-11D3-BF4B-00C04F79EFBC}") = "Ex.5.1.ExcelTask", "ITMO.1244.Forms.COM.Ex1\ExcelTask\Ex.5.1.ExcelTask.csproj", "{D424FBE8-208B-4898-BFAE-D9618446B2D7}"
EndProject
Project("{FAE04EC0-301F-11D3-BF4B-00C04F79EFBC}") = "Ex5.2.PDFReader", "ITMO.1244.Forms.COM.Ex2\PDFReader\Ex5.2.PDFReader.csproj", "{5BD6CED2-08AE-4ED2-B0AB-07CDCB8C6460}"
EndProject
Project("{FAE04EC0-301F-11D3-BF4B-00C04F79EFBC}") = "Ex5.3.WinAnim", "ITMO.1244.Forms.COM.Ex3\WinAnim\Ex5.3.WinAnim.csproj", "{9D92893A-FA4C-4F5B-8AC7-08BF69AD9E09}"
EndProject
Project("{FAE04EC0-301F-11D3-BF4B-00C04F79EFBC}") = "Ex6.2.Balls", "ITMO.1244.Forms.Graphics.Ex2\Balls\Ex6.2.Balls.csproj", "{9C3FFC97-3882-4616-9079-04323B83FECC}"
EndProject
Project("{FAE04EC0-301F-11D3-BF4B-00C04F79EFBC}") = "Ex6.3.WindowsFormsChart", "ITMO.1244.Forms.Graphics.Ex3\WindowsFormsChart\Ex6.3.WindowsFormsChart.csproj", "{7DB3C305-566D-407C-8B75-079C20C25B5B}"
EndProject
Project("{FAE04EC0-301F-11D3-BF4B-00C04F79EFBC}") = "Ex7.1.WinBackgoundWorker", "ITMO.1244.Forms.Async.Lab7.1\Ex7.1.WinBackgoundWorker\Ex7.1.WinBackgoundWorker.csproj", "{0E86A9AC-B822-4768-8BD3-3E29E7053075}"
EndProject
Project("{FAE04EC0-301F-11D3-BF4B-00C04F79EFBC}") = "Ex7.2.WinAsynchDelegate", "ITMO.1244.Forms.Async.Lab7.2\WinAsynchDelegate\Ex7.2.WinAsynchDelegate.csproj", "{DBC41C2D-112F-439C-929F-B161BEBAC1BB}"
EndProject
Project("{FAE04EC0-301F-11D3-BF4B-00C04F79EFBC}") = "Ex7.3.WinAsynchMethod", "ITMO.1244.Forms.Async.Lab7.3\WinAsynchMethod\Ex7.3.WinAsynchMethod.csproj", "{232DC7ED-3CBD-448E-9902-4D906BBF188E}"
EndProject
Global
	GlobalSection(SolutionConfigurationPlatforms) = preSolution
		Debug|Any CPU = Debug|Any CPU
		Release|Any CPU = Release|Any CPU
	EndGlobalSection
	GlobalSection(ProjectConfigurationPlatforms) = postSolution
		{01A42B66-FD8B-4953-8E07-F7131CCB3125}.Debug|Any CPU.ActiveCfg = Debug|Any CPU
		{01A42B66-FD8B-4953-8E07-F7131CCB3125}.Debug|Any CPU.Build.0 = Debug|Any CPU
		{01A42B66-FD8B-4953-8E07-F7131CCB3125}.Release|Any CPU.ActiveCfg = Release|Any CPU
		{01A42B66-FD8B-4953-8E07-F7131CCB3125}.Release|Any CPU.Build.0 = Release|Any CPU
		{5246E055-FF8E-4BBD-89F6-5E0426930438}.Debug|Any CPU.ActiveCfg = Debug|Any CPU
		{5246E055-FF8E-4BBD-89F6-5E0426930438}.Debug|Any CPU.Build.0 = Debug|Any CPU
		{5246E055-FF8E-4BBD-89F6-5E0426930438}.Release|Any CPU.ActiveCfg = Release|Any CPU
		{5246E055-FF8E-4BBD-89F6-5E0426930438}.Release|Any CPU.Build.0 = Release|Any CPU
		{7C206595-A2DB-45D4-84C2-9B9F17ADF16C}.Debug|Any CPU.ActiveCfg = Debug|Any CPU
		{7C206595-A2DB-45D4-84C2-9B9F17ADF16C}.Debug|Any CPU.Build.0 = Debug|Any CPU
		{7C206595-A2DB-45D4-84C2-9B9F17ADF16C}.Release|Any CPU.ActiveCfg = Release|Any CPU
		{7C206595-A2DB-45D4-84C2-9B9F17ADF16C}.Release|Any CPU.Build.0 = Release|Any CPU
		{6E3CE44A-69F1-4FAD-9413-AB942FDD4E05}.Debug|Any CPU.ActiveCfg = Debug|Any CPU
		{6E3CE44A-69F1-4FAD-9413-AB942FDD4E05}.Debug|Any CPU.Build.0 = Debug|Any CPU
		{6E3CE44A-69F1-4FAD-9413-AB942FDD4E05}.Release|Any CPU.ActiveCfg = Release|Any CPU
		{6E3CE44A-69F1-4FAD-9413-AB942FDD4E05}.Release|Any CPU.Build.0 = Release|Any CPU
		{14A89380-D356-49AE-8467-58C5E312D7FC}.Debug|Any CPU.ActiveCfg = Debug|Any CPU
		{14A89380-D356-49AE-8467-58C5E312D7FC}.Debug|Any CPU.Build.0 = Debug|Any CPU
		{14A89380-D356-49AE-8467-58C5E312D7FC}.Release|Any CPU.ActiveCfg = Release|Any CPU
		{14A89380-D356-49AE-8467-58C5E312D7FC}.Release|Any CPU.Build.0 = Release|Any CPU
		{1255D03F-6CD0-4CBC-934C-E55EA29D699D}.Debug|Any CPU.ActiveCfg = Debug|Any CPU
		{1255D03F-6CD0-4CBC-934C-E55EA29D699D}.Debug|Any CPU.Build.0 = Debug|Any CPU
		{1255D03F-6CD0-4CBC-934C-E55EA29D699D}.Release|Any CPU.ActiveCfg = Release|Any CPU
		{1255D03F-6CD0-4CBC-934C-E55EA29D699D}.Release|Any CPU.Build.0 = Release|Any CPU
		{EAB7DAAC-412F-4C3E-B0C9-494F83DC650C}.Debug|Any CPU.ActiveCfg = Debug|Any CPU
		{EAB7DAAC-412F-4C3E-B0C9-494F83DC650C}.Debug|Any CPU.Build.0 = Debug|Any CPU
		{EAB7DAAC-412F-4C3E-B0C9-494F83DC650C}.Release|Any CPU.ActiveCfg = Release|Any CPU
		{EAB7DAAC-412F-4C3E-B0C9-494F83DC650C}.Release|Any CPU.Build.0 = Release|Any CPU
		{19D10FDB-7FAB-4F9B-B2F4-D52121DA9F8D}.Debug|Any CPU.ActiveCfg = Debug|Any CPU
		{19D10FDB-7FAB-4F9B-B2F4-D52121DA9F8D}.Debug|Any CPU.Build.0 = Debug|Any CPU
		{19D10FDB-7FAB-4F9B-B2F4-D52121DA9F8D}.Release|Any CPU.ActiveCfg = Release|Any CPU
		{19D10FDB-7FAB-4F9B-B2F4-D52121DA9F8D}.Release|Any CPU.Build.0 = Release|Any CPU
		{9CA9C3EB-618D-48E3-87EF-708BF3D8FC98}.Debug|Any CPU.ActiveCfg = Debug|Any CPU
		{9CA9C3EB-618D-48E3-87EF-708BF3D8FC98}.Debug|Any CPU.Build.0 = Debug|Any CPU
		{9CA9C3EB-618D-48E3-87EF-708BF3D8FC98}.Release|Any CPU.ActiveCfg = Release|Any CPU
		{9CA9C3EB-618D-48E3-87EF-708BF3D8FC98}.Release|Any CPU.Build.0 = Release|Any CPU
		{7EFB7F99-2AC2-461D-B7C5-1F829448F28C}.Debug|Any CPU.ActiveCfg = Debug|Any CPU
		{7EFB7F99-2AC2-461D-B7C5-1F829448F28C}.Debug|Any CPU.Build.0 = Debug|Any CPU
		{7EFB7F99-2AC2-461D-B7C5-1F829448F28C}.Release|Any CPU.ActiveCfg = Release|Any CPU
		{7EFB7F99-2AC2-461D-B7C5-1F829448F28C}.Release|Any CPU.Build.0 = Release|Any CPU
		{C0790213-55BC-4CF0-B1FE-C0038A697FF5}.Debug|Any CPU.ActiveCfg = Debug|Any CPU
		{C0790213-55BC-4CF0-B1FE-C0038A697FF5}.Debug|Any CPU.Build.0 = Debug|Any CPU
		{C0790213-55BC-4CF0-B1FE-C0038A697FF5}.Release|Any CPU.ActiveCfg = Release|Any CPU
		{C0790213-55BC-4CF0-B1FE-C0038A697FF5}.Release|Any CPU.Build.0 = Release|Any CPU
		{4C3B91DC-2A12-4465-B6C8-455FB6857317}.Debug|Any CPU.ActiveCfg = Debug|Any CPU
		{4C3B91DC-2A12-4465-B6C8-455FB6857317}.Debug|Any CPU.Build.0 = Debug|Any CPU
		{4C3B91DC-2A12-4465-B6C8-455FB6857317}.Release|Any CPU.ActiveCfg = Release|Any CPU
		{4C3B91DC-2A12-4465-B6C8-455FB6857317}.Release|Any CPU.Build.0 = Release|Any CPU
		{B175DBB8-FEEF-4576-B8AE-4B300902CF9D}.Debug|Any CPU.ActiveCfg = Debug|Any CPU
		{B175DBB8-FEEF-4576-B8AE-4B300902CF9D}.Debug|Any CPU.Build.0 = Debug|Any CPU
		{B175DBB8-FEEF-4576-B8AE-4B300902CF9D}.Release|Any CPU.ActiveCfg = Release|Any CPU
		{B175DBB8-FEEF-4576-B8AE-4B300902CF9D}.Release|Any CPU.Build.0 = Release|Any CPU
		{8E210446-19DC-42D0-8643-EA7F2D182005}.Debug|Any CPU.ActiveCfg = Debug|Any CPU
		{8E210446-19DC-42D0-8643-EA7F2D182005}.Debug|Any CPU.Build.0 = Debug|Any CPU
		{8E210446-19DC-42D0-8643-EA7F2D182005}.Release|Any CPU.ActiveCfg = Release|Any CPU
		{8E210446-19DC-42D0-8643-EA7F2D182005}.Release|Any CPU.Build.0 = Release|Any CPU
		{6D55DAFF-EE7B-4A82-872E-E09B07273D02}.Debug|Any CPU.ActiveCfg = Debug|Any CPU
		{6D55DAFF-EE7B-4A82-872E-E09B07273D02}.Debug|Any CPU.Build.0 = Debug|Any CPU
		{6D55DAFF-EE7B-4A82-872E-E09B07273D02}.Release|Any CPU.ActiveCfg = Release|Any CPU
		{6D55DAFF-EE7B-4A82-872E-E09B07273D02}.Release|Any CPU.Build.0 = Release|Any CPU
		{379AFE25-43F7-4B56-9CE9-9196E33CDEBC}.Debug|Any CPU.ActiveCfg = Debug|Any CPU
		{379AFE25-43F7-4B56-9CE9-9196E33CDEBC}.Debug|Any CPU.Build.0 = Debug|Any CPU
		{379AFE25-43F7-4B56-9CE9-9196E33CDEBC}.Release|Any CPU.ActiveCfg = Release|Any CPU
		{379AFE25-43F7-4B56-9CE9-9196E33CDEBC}.Release|Any CPU.Build.0 = Release|Any CPU
		{9913B04B-7C34-4554-9FD6-AFDA8F4C1649}.Debug|Any CPU.ActiveCfg = Debug|Any CPU
		{9913B04B-7C34-4554-9FD6-AFDA8F4C1649}.Debug|Any CPU.Build.0 = Debug|Any CPU
		{9913B04B-7C34-4554-9FD6-AFDA8F4C1649}.Release|Any CPU.ActiveCfg = Release|Any CPU
		{9913B04B-7C34-4554-9FD6-AFDA8F4C1649}.Release|Any CPU.Build.0 = Release|Any CPU
		{9B79B3FF-C3AD-4D63-8A6B-77081B926CDA}.Debug|Any CPU.ActiveCfg = Debug|Any CPU
		{9B79B3FF-C3AD-4D63-8A6B-77081B926CDA}.Debug|Any CPU.Build.0 = Debug|Any CPU
		{9B79B3FF-C3AD-4D63-8A6B-77081B926CDA}.Release|Any CPU.ActiveCfg = Release|Any CPU
		{9B79B3FF-C3AD-4D63-8A6B-77081B926CDA}.Release|Any CPU.Build.0 = Release|Any CPU
		{D424FBE8-208B-4898-BFAE-D9618446B2D7}.Debug|Any CPU.ActiveCfg = Debug|Any CPU
		{D424FBE8-208B-4898-BFAE-D9618446B2D7}.Debug|Any CPU.Build.0 = Debug|Any CPU
		{D424FBE8-208B-4898-BFAE-D9618446B2D7}.Release|Any CPU.ActiveCfg = Release|Any CPU
		{D424FBE8-208B-4898-BFAE-D9618446B2D7}.Release|Any CPU.Build.0 = Release|Any CPU
		{5BD6CED2-08AE-4ED2-B0AB-07CDCB8C6460}.Debug|Any CPU.ActiveCfg = Debug|Any CPU
		{5BD6CED2-08AE-4ED2-B0AB-07CDCB8C6460}.Debug|Any CPU.Build.0 = Debug|Any CPU
		{5BD6CED2-08AE-4ED2-B0AB-07CDCB8C6460}.Release|Any CPU.ActiveCfg = Release|Any CPU
		{5BD6CED2-08AE-4ED2-B0AB-07CDCB8C6460}.Release|Any CPU.Build.0 = Release|Any CPU
		{9D92893A-FA4C-4F5B-8AC7-08BF69AD9E09}.Debug|Any CPU.ActiveCfg = Debug|Any CPU
		{9D92893A-FA4C-4F5B-8AC7-08BF69AD9E09}.Debug|Any CPU.Build.0 = Debug|Any CPU
		{9D92893A-FA4C-4F5B-8AC7-08BF69AD9E09}.Release|Any CPU.ActiveCfg = Release|Any CPU
		{9D92893A-FA4C-4F5B-8AC7-08BF69AD9E09}.Release|Any CPU.Build.0 = Release|Any CPU
		{9C3FFC97-3882-4616-9079-04323B83FECC}.Debug|Any CPU.ActiveCfg = Debug|Any CPU
		{9C3FFC97-3882-4616-9079-04323B83FECC}.Debug|Any CPU.Build.0 = Debug|Any CPU
		{9C3FFC97-3882-4616-9079-04323B83FECC}.Release|Any CPU.ActiveCfg = Release|Any CPU
		{9C3FFC97-3882-4616-9079-04323B83FECC}.Release|Any CPU.Build.0 = Release|Any CPU
		{7DB3C305-566D-407C-8B75-079C20C25B5B}.Debug|Any CPU.ActiveCfg = Debug|Any CPU
		{7DB3C305-566D-407C-8B75-079C20C25B5B}.Debug|Any CPU.Build.0 = Debug|Any CPU
		{7DB3C305-566D-407C-8B75-079C20C25B5B}.Release|Any CPU.ActiveCfg = Release|Any CPU
		{7DB3C305-566D-407C-8B75-079C20C25B5B}.Release|Any CPU.Build.0 = Release|Any CPU
		{0E86A9AC-B822-4768-8BD3-3E29E7053075}.Debug|Any CPU.ActiveCfg = Debug|Any CPU
		{0E86A9AC-B822-4768-8BD3-3E29E7053075}.Debug|Any CPU.Build.0 = Debug|Any CPU
		{0E86A9AC-B822-4768-8BD3-3E29E7053075}.Release|Any CPU.ActiveCfg = Release|Any CPU
		{0E86A9AC-B822-4768-8BD3-3E29E7053075}.Release|Any CPU.Build.0 = Release|Any CPU
		{DBC41C2D-112F-439C-929F-B161BEBAC1BB}.Debug|Any CPU.ActiveCfg = Debug|Any CPU
		{DBC41C2D-112F-439C-929F-B161BEBAC1BB}.Debug|Any CPU.Build.0 = Debug|Any CPU
		{DBC41C2D-112F-439C-929F-B161BEBAC1BB}.Release|Any CPU.ActiveCfg = Release|Any CPU
		{DBC41C2D-112F-439C-929F-B161BEBAC1BB}.Release|Any CPU.Build.0 = Release|Any CPU
		{232DC7ED-3CBD-448E-9902-4D906BBF188E}.Debug|Any CPU.ActiveCfg = Debug|Any CPU
		{232DC7ED-3CBD-448E-9902-4D906BBF188E}.Debug|Any CPU.Build.0 = Debug|Any CPU
		{232DC7ED-3CBD-448E-9902-4D906BBF188E}.Release|Any CPU.ActiveCfg = Release|Any CPU
		{232DC7ED-3CBD-448E-9902-4D906BBF188E}.Release|Any CPU.Build.0 = Release|Any CPU
	EndGlobalSection
	GlobalSection(SolutionProperties) = preSolution
		HideSolutionNode = FALSE
	EndGlobalSection
	GlobalSection(ExtensibilityGlobals) = postSolution
		SolutionGuid = {B93845A3-A297-4E35-9097-D99229817098}
	EndGlobalSection
EndGlobal
